{
  "version": 4,
  "terraform_version": "1.7.3",
  "serial": 4,
  "lineage": "f5238328-ed4d-6c15-e833-579264333bef",
  "outputs": {},
  "resources": [
    {
      "mode": "managed",
      "type": "local_file",
      "name": "cali",
      "provider": "provider[\"registry.terraform.io/hashicorp/local\"]",
      "instances": [
        {
          "schema_version": 0,
          "attributes": {
            "content": "Hola, grupo devops 2024, este es un ejemplo de terraform",
            "content_base64": null,
            "content_base64sha256": "VpN9HoBSIAs/eqLvZfERpvXOzHMcWDUR2TAZYUfmTek=",
            "content_base64sha512": "wG1ahlC63PyqgaV6pRj2UfQC383VYN/8Fa4AKDXoBR1pIAKHh1l3asoiV+0smFRX22llg20aUPSSoJ+wdSIDxA==",
            "content_md5": "b2bb15cfe2445c812ffcbffac869f6a9",
            "content_sha1": "143d06c08d231c48fb4fa913d424c9dd0971b58b",
            "content_sha256": "56937d1e8052200b3f7aa2ef65f111a6f5cecc731c583511d930196147e64de9",
            "content_sha512": "c06d5a8650badcfcaa81a57aa518f651f402dfcdd560dffc15ae002835e8051d692002878759776aca2257ed2c985457db6965836d1a50f492a09fb0752203c4",
            "directory_permission": "0777",
            "file_permission": "0777",
            "filename": "seti.txt",
            "id": "143d06c08d231c48fb4fa913d424c9dd0971b58b",
            "sensitive_content": null,
            "source": null
          },
          "sensitive_attributes": []
        }
      ]
    }
  ],
  "check_results": null
}
