{
  "version": 4,
  "terraform_version": "1.7.3",
  "serial": 1,
  "lineage": "f5238328-ed4d-6c15-e833-579264333bef",
  "outputs": {},
  "resources": [
    {
      "mode": "managed",
      "type": "local_file",
      "name": "cali",
      "provider": "provider[\"registry.terraform.io/hashicorp/local\"]",
      "instances": [
        {
          "schema_version": 0,
          "attributes": {
            "content": "Hola, grupo devops",
            "content_base64": null,
            "content_base64sha256": "/PnIm3WzGKLGe8vaBzuYnVpooGKP0fJSlyLvFDMxOoE=",
            "content_base64sha512": "r3paWIuPLmlFkliz9SvkkrbXV7Znoac2WpmiGGYzHFXj4ty46SR1SQOHkQLWaj4c6cqPT6GfdbFMbjTh8RRBrw==",
            "content_md5": "b22d347a9da1f833729031c1ef76f577",
            "content_sha1": "eefe216098c4bffeeb9ca742d6bc6234633cb7a1",
            "content_sha256": "fcf9c89b75b318a2c67bcbda073b989d5a68a0628fd1f2529722ef1433313a81",
            "content_sha512": "af7a5a588b8f2e69459258b3f52be492b6d757b667a1a7365a99a21866331c55e3e2dcb8e924754903879102d66a3e1ce9ca8f4fa19f75b14c6e34e1f11441af",
            "directory_permission": "0777",
            "file_permission": "0777",
            "filename": "seti.txt",
            "id": "eefe216098c4bffeeb9ca742d6bc6234633cb7a1",
            "sensitive_content": null,
            "source": null
          },
          "sensitive_attributes": []
        }
      ]
    }
  ],
  "check_results": null
}
